
Microsoft Visual Studio Solution File, Format Version 12.00
# Visual Studio Version 17
VisualStudioVersion = 17.4.33213.308
MinimumVisualStudioVersion = 10.0.40219.1
Project("{FAE04EC0-301F-11D3-BF4B-00C04F79EFBC}") = "10.fealdat", "10.fealdat\10.fealdat.csproj", "{6145CCDB-C789-402E-B7E3-49C268451BDF}"
EndProject
Global
	GlobalSection(SolutionConfigurationPlatforms) = preSolution
		Debug|Any CPU = Debug|Any CPU
		Release|Any CPU = Release|Any CPU
	EndGlobalSection
	GlobalSection(ProjectConfigurationPlatforms) = postSolution
		{6145CCDB-C789-402E-B7E3-49C268451BDF}.Debug|Any CPU.ActiveCfg = Debug|Any CPU
		{6145CCDB-C789-402E-B7E3-49C268451BDF}.Debug|Any CPU.Build.0 = Debug|Any CPU
		{6145CCDB-C789-402E-B7E3-49C268451BDF}.Release|Any CPU.ActiveCfg = Release|Any CPU
		{6145CCDB-C789-402E-B7E3-49C268451BDF}.Release|Any CPU.Build.0 = Release|Any CPU
	EndGlobalSection
	GlobalSection(SolutionProperties) = preSolution
		HideSolutionNode = FALSE
	EndGlobalSection
	GlobalSection(ExtensibilityGlobals) = postSolution
		SolutionGuid = {06A47ADD-40FC-45F1-B7BD-5C247D034654}
	EndGlobalSection
EndGlobal
