
Microsoft Visual Studio Solution File, Format Version 12.00
# Visual Studio Version 17
VisualStudioVersion = 17.4.33213.308
MinimumVisualStudioVersion = 10.0.40219.1
Project("{FAE04EC0-301F-11D3-BF4B-00C04F79EFBC}") = "Konzolos feladatok 1", "Konzolos feladatok 1\Konzolos feladatok 1.csproj", "{5DAE8F46-7B84-42BA-B91B-E049A2797F1E}"
EndProject
Global
	GlobalSection(SolutionConfigurationPlatforms) = preSolution
		Debug|Any CPU = Debug|Any CPU
		Release|Any CPU = Release|Any CPU
	EndGlobalSection
	GlobalSection(ProjectConfigurationPlatforms) = postSolution
		{5DAE8F46-7B84-42BA-B91B-E049A2797F1E}.Debug|Any CPU.ActiveCfg = Debug|Any CPU
		{5DAE8F46-7B84-42BA-B91B-E049A2797F1E}.Debug|Any CPU.Build.0 = Debug|Any CPU
		{5DAE8F46-7B84-42BA-B91B-E049A2797F1E}.Release|Any CPU.ActiveCfg = Release|Any CPU
		{5DAE8F46-7B84-42BA-B91B-E049A2797F1E}.Release|Any CPU.Build.0 = Release|Any CPU
	EndGlobalSection
	GlobalSection(SolutionProperties) = preSolution
		HideSolutionNode = FALSE
	EndGlobalSection
	GlobalSection(ExtensibilityGlobals) = postSolution
		SolutionGuid = {D4F0CC98-ED8A-4BA8-B05C-D917E562E046}
	EndGlobalSection
EndGlobal
