
Microsoft Visual Studio Solution File, Format Version 12.00
# Visual Studio Version 17
VisualStudioVersion = 17.4.33213.308
MinimumVisualStudioVersion = 10.0.40219.1
Project("{FAE04EC0-301F-11D3-BF4B-00C04F79EFBC}") = "4.feladat", "4.feladat\4.feladat.csproj", "{0D83B4A9-FABC-4414-BF9B-75D6329D7185}"
EndProject
Global
	GlobalSection(SolutionConfigurationPlatforms) = preSolution
		Debug|Any CPU = Debug|Any CPU
		Release|Any CPU = Release|Any CPU
	EndGlobalSection
	GlobalSection(ProjectConfigurationPlatforms) = postSolution
		{0D83B4A9-FABC-4414-BF9B-75D6329D7185}.Debug|Any CPU.ActiveCfg = Debug|Any CPU
		{0D83B4A9-FABC-4414-BF9B-75D6329D7185}.Debug|Any CPU.Build.0 = Debug|Any CPU
		{0D83B4A9-FABC-4414-BF9B-75D6329D7185}.Release|Any CPU.ActiveCfg = Release|Any CPU
		{0D83B4A9-FABC-4414-BF9B-75D6329D7185}.Release|Any CPU.Build.0 = Release|Any CPU
	EndGlobalSection
	GlobalSection(SolutionProperties) = preSolution
		HideSolutionNode = FALSE
	EndGlobalSection
	GlobalSection(ExtensibilityGlobals) = postSolution
		SolutionGuid = {CB9D5919-A71A-42D2-B995-C5C2A58C4942}
	EndGlobalSection
EndGlobal
